
Microsoft Visual Studio Solution File, Format Version 12.00
# Visual Studio Version 17
VisualStudioVersion = 17.6.33712.159
MinimumVisualStudioVersion = 10.0.40219.1
Project("{FAE04EC0-301F-11D3-BF4B-00C04F79EFBC}") = "App3.Android", "App3\App3.Android\App3.Android.csproj", "{F5F82FCB-28BD-4D20-8A32-8427786BE6F6}"
EndProject
Project("{FAE04EC0-301F-11D3-BF4B-00C04F79EFBC}") = "App3", "App3\App3\App3.csproj", "{5A89E171-1E1C-4E99-9125-25D4E956E6C2}"
EndProject
Global
	GlobalSection(SolutionConfigurationPlatforms) = preSolution
		Debug|Any CPU = Debug|Any CPU
		Release|Any CPU = Release|Any CPU
	EndGlobalSection
	GlobalSection(ProjectConfigurationPlatforms) = postSolution
		{F5F82FCB-28BD-4D20-8A32-8427786BE6F6}.Debug|Any CPU.ActiveCfg = Debug|Any CPU
		{F5F82FCB-28BD-4D20-8A32-8427786BE6F6}.Debug|Any CPU.Build.0 = Debug|Any CPU
		{F5F82FCB-28BD-4D20-8A32-8427786BE6F6}.Debug|Any CPU.Deploy.0 = Debug|Any CPU
		{F5F82FCB-28BD-4D20-8A32-8427786BE6F6}.Release|Any CPU.ActiveCfg = Release|Any CPU
		{F5F82FCB-28BD-4D20-8A32-8427786BE6F6}.Release|Any CPU.Build.0 = Release|Any CPU
		{F5F82FCB-28BD-4D20-8A32-8427786BE6F6}.Release|Any CPU.Deploy.0 = Release|Any CPU
		{5A89E171-1E1C-4E99-9125-25D4E956E6C2}.Debug|Any CPU.ActiveCfg = Debug|Any CPU
		{5A89E171-1E1C-4E99-9125-25D4E956E6C2}.Debug|Any CPU.Build.0 = Debug|Any CPU
		{5A89E171-1E1C-4E99-9125-25D4E956E6C2}.Debug|Any CPU.Deploy.0 = Debug|Any CPU
		{5A89E171-1E1C-4E99-9125-25D4E956E6C2}.Release|Any CPU.ActiveCfg = Release|Any CPU
		{5A89E171-1E1C-4E99-9125-25D4E956E6C2}.Release|Any CPU.Build.0 = Release|Any CPU
		{5A89E171-1E1C-4E99-9125-25D4E956E6C2}.Release|Any CPU.Deploy.0 = Release|Any CPU
	EndGlobalSection
	GlobalSection(SolutionProperties) = preSolution
		HideSolutionNode = FALSE
	EndGlobalSection
	GlobalSection(ExtensibilityGlobals) = postSolution
		SolutionGuid = {B957AD84-817A-41A4-8063-41A0791445BE}
	EndGlobalSection
EndGlobal
