
Microsoft Visual Studio Solution File, Format Version 12.00
# Visual Studio Version 16
VisualStudioVersion = 25.0.1705.4
MinimumVisualStudioVersion = 10.0.40219.1
Project("{FAE04EC0-301F-11D3-BF4B-00C04F79EFBC}") = "iva-grp7-backend", "iva-grp7-backend\iva-grp7-backend.csproj", "{9FD071CE-D841-4FA7-8554-EA6425EBFC7F}"
EndProject
Global
	GlobalSection(SolutionConfigurationPlatforms) = preSolution
		Debug|Any CPU = Debug|Any CPU
		Release|Any CPU = Release|Any CPU
	EndGlobalSection
	GlobalSection(ProjectConfigurationPlatforms) = postSolution
		{9FD071CE-D841-4FA7-8554-EA6425EBFC7F}.Debug|Any CPU.ActiveCfg = Debug|Any CPU
		{9FD071CE-D841-4FA7-8554-EA6425EBFC7F}.Debug|Any CPU.Build.0 = Debug|Any CPU
		{9FD071CE-D841-4FA7-8554-EA6425EBFC7F}.Release|Any CPU.ActiveCfg = Release|Any CPU
		{9FD071CE-D841-4FA7-8554-EA6425EBFC7F}.Release|Any CPU.Build.0 = Release|Any CPU
	EndGlobalSection
	GlobalSection(SolutionProperties) = preSolution
		HideSolutionNode = FALSE
	EndGlobalSection
	GlobalSection(ExtensibilityGlobals) = postSolution
		SolutionGuid = {2EB40EFA-EA03-407E-887D-F2732EA9126F}
	EndGlobalSection
EndGlobal
